<?xml version="1.0" encoding="utf-8"?>
<Project ToolsVersion="4.0" xmlns="http://schemas.microsoft.com/developer/msbuild/2003">
  <ItemGroup>
    <FxCompile Include="Source\Shader\blur_ps.hlsl">
      <Filter>mamelib\Shader</Filter>
    </FxCompile>
    <FxCompile Include="Source\Shader\fullscreen_quad_ps.hlsl">
      <Filter>mamelib\Shader</Filter>
    </FxCompile>
    <FxCompile Include="Source\Shader\fullscreen_quad_vs.hlsl">
      <Filter>mamelib\Shader</Filter>
    </FxCompile>
    <FxCompile Include="Source\Shader\geometric_primitive_ps.hlsl">
      <Filter>mamelib\Shader</Filter>
    </FxCompile>
    <FxCompile Include="Source\Shader\geometric_primitive_vs.hlsl">
      <Filter>mamelib\Shader</Filter>
    </FxCompile>
    <FxCompile Include="Source\Shader\luminance_extraction_ps.hlsl">
      <Filter>mamelib\Shader</Filter>
    </FxCompile>
    <FxCompile Include="Source\Shader\sprite_change_ps.hlsl">
      <Filter>mamelib\Shader</Filter>
    </FxCompile>
    <FxCompile Include="Source\Shader\static_mesh_ps.hlsl">
      <Filter>mamelib\Shader</Filter>
    </FxCompile>
    <FxCompile Include="Source\Shader\static_mesh_vs.hlsl">
      <Filter>mamelib\Shader</Filter>
    </FxCompile>
    <FxCompile Include="Source\Shader\UVScroll_ps.hlsl">
      <Filter>mamelib\Shader</Filter>
    </FxCompile>
    <FxCompile Include="Source\Shader\UVScroll_vs.hlsl">
      <Filter>mamelib\Shader</Filter>
    </FxCompile>
    <FxCompile Include="Source\Shader\InstancingVS.hlsl">
      <Filter>mamelib\Shader</Filter>
    </FxCompile>
    <FxCompile Include="Source\Shader\InstancingPS.hlsl">
      <Filter>mamelib\Shader</Filter>
    </FxCompile>
    <FxCompile Include="Source\Shader\gltfModelPs.hlsl">
      <Filter>mamelib\Shader</Filter>
    </FxCompile>
    <FxCompile Include="Source\Shader\gltfModelVs.hlsl">
      <Filter>mamelib\Shader</Filter>
    </FxCompile>
    <FxCompile Include="Resources\Shader\phongShaderVS.hlsl">
      <Filter>mamelib\Shader</Filter>
    </FxCompile>
    <FxCompile Include="Resources\Shader\phongShaderPS.hlsl">
      <Filter>mamelib\Shader</Filter>
    </FxCompile>
    <FxCompile Include="Source\Shader\SkyBoxVS.hlsl">
      <Filter>mamelib\Shader</Filter>
    </FxCompile>
    <FxCompile Include="Source\Shader\SkyBoxPS.hlsl">
      <Filter>mamelib\Shader</Filter>
    </FxCompile>
    <FxCompile Include="Source\Shader\sprite_dissolve_ps.hlsl">
      <Filter>mamelib\Shader\Sprite</Filter>
    </FxCompile>
    <FxCompile Include="Source\Shader\sprite_dissolve_vs.hlsl">
      <Filter>mamelib\Shader\Sprite</Filter>
    </FxCompile>
    <FxCompile Include="Source\Shader\sprite_fade_ps.hlsl">
      <Filter>mamelib\Shader\Sprite</Filter>
    </FxCompile>
    <FxCompile Include="Source\Shader\sprite_fade_vs.hlsl">
      <Filter>mamelib\Shader\Sprite</Filter>
    </FxCompile>
    <FxCompile Include="Source\Shader\sprite_ps.hlsl">
      <Filter>mamelib\Shader\Sprite</Filter>
    </FxCompile>
    <FxCompile Include="Source\Shader\sprite_vs.hlsl">
      <Filter>mamelib\Shader\Sprite</Filter>
    </FxCompile>
    <FxCompile Include="Source\Shader\CharacterPS.hlsl">
      <Filter>mamelib\Shader\Fbx</Filter>
    </FxCompile>
    <FxCompile Include="Source\Shader\FbxModelVS.hlsl">
      <Filter>mamelib\Shader\Fbx</Filter>
    </FxCompile>
    <FxCompile Include="Source\Shader\StagePS.hlsl">
      <Filter>mamelib\Shader\Fbx</Filter>
    </FxCompile>
    <FxCompile Include="Source\Shader\GlowExtractionPs.hlsl">
      <Filter>mamelib\Shader\Bloom</Filter>
    </FxCompile>
    <FxCompile Include="Source\Shader\GaussianBlurDownsamplingPs.hlsl">
      <Filter>mamelib\Shader\Bloom</Filter>
    </FxCompile>
    <FxCompile Include="Source\Shader\GaussianBlurHorizontalPs.hlsl">
      <Filter>mamelib\Shader\Bloom</Filter>
    </FxCompile>
    <FxCompile Include="Source\Shader\GaussianBlurVerticalPs.hlsl">
      <Filter>mamelib\Shader\Bloom</Filter>
    </FxCompile>
    <FxCompile Include="Source\Shader\GaussianBlurUpsamplingPs.hlsl">
      <Filter>mamelib\Shader\Bloom</Filter>
    </FxCompile>
    <FxCompile Include="Source\Shader\FinalPassPs.hlsl">
      <Filter>mamelib\Shader\Bloom</Filter>
    </FxCompile>
    <FxCompile Include="Source\Shader\FogPS.hlsl">
      <Filter>mamelib\Shader\Fog</Filter>
    </FxCompile>
    <FxCompile Include="Source\Shader\ParticleCS.hlsl">
      <Filter>mamelib\Shader\Particle</Filter>
    </FxCompile>
    <FxCompile Include="Source\Shader\ParticleGS.hlsl">
      <Filter>mamelib\Shader\Particle</Filter>
    </FxCompile>
    <FxCompile Include="Source\Shader\ParticleInitializerCS.hlsl">
      <Filter>mamelib\Shader\Particle</Filter>
    </FxCompile>
    <FxCompile Include="Source\Shader\ParticlePS.hlsl">
      <Filter>mamelib\Shader\Particle</Filter>
    </FxCompile>
    <FxCompile Include="Source\Shader\ParticleVS.hlsl">
      <Filter>mamelib\Shader\Particle</Filter>
    </FxCompile>
    <FxCompile Include="Source\Shader\SagePS.hlsl">
      <Filter>mamelib\Shader\Fbx\Zelda</Filter>
    </FxCompile>
    <FxCompile Include="Source\Shader\AuraEffectVS.hlsl">
      <Filter>mamelib\Shader\Fbx\Zelda\aura</Filter>
    </FxCompile>
    <FxCompile Include="Source\Shader\AuraEffectPS.hlsl">
      <Filter>mamelib\Shader\Fbx\Zelda\aura</Filter>
    </FxCompile>
    <FxCompile Include="Source\Shader\AuraEffectGS.hlsl">
      <Filter>mamelib\Shader\Fbx\Zelda\aura</Filter>
    </FxCompile>
    <FxCompile Include="Source\Shader\GenerateAuraPS.hlsl">
      <Filter>mamelib\Shader\Fbx\Zelda\aura</Filter>
    </FxCompile>
    <FxCompile Include="Source\Shader\EmissiveTextureUVScrollPS.hlsl">
      <Filter>mamelib\Shader\Fbx</Filter>
    </FxCompile>
    <FxCompile Include="Source\Shader\SageAura.hlsl">
      <Filter>mamelib\Shader\Fbx\Zelda</Filter>
    </FxCompile>
    <FxCompile Include="Source\Shader\MagicCirclePS.hlsl">
      <Filter>mamelib\Shader\Fbx</Filter>
    </FxCompile>
    <FxCompile Include="Source\Shader\SpriteColorDissolvePS.hlsl">
      <Filter>mamelib\Shader\Sprite</Filter>
    </FxCompile>
  </ItemGroup>
  <ItemGroup>
    <ClCompile Include="Source\Mame\Scene\BaseScene.cpp">
      <Filter>mamelib\Mame\Scene</Filter>
    </ClCompile>
    <ClCompile Include="Source\Mame\Graphics\Camera.cpp">
      <Filter>mamelib\Mame\Graphics</Filter>
    </ClCompile>
    <ClCompile Include="Source\Mame\Graphics\Graphics.cpp">
      <Filter>mamelib\Mame\Graphics</Filter>
    </ClCompile>
    <ClCompile Include="Source\Mame\Input\Input.cpp">
      <Filter>mamelib\Mame\Input</Filter>
    </ClCompile>
    <ClCompile Include="Source\Mame\Input\Mouse.cpp">
      <Filter>mamelib\Mame\Input</Filter>
    </ClCompile>
    <ClCompile Include="Source\Mame\Input\GamePad.cpp">
      <Filter>mamelib\Mame\Input</Filter>
    </ClCompile>
    <ClCompile Include="Source\Mame\Transform.cpp">
      <Filter>mamelib\Mame</Filter>
    </ClCompile>
    <ClCompile Include="Source\Mame\Scene\SceneTitle.cpp">
      <Filter>mamelib\Mame\Scene</Filter>
    </ClCompile>
    <ClCompile Include="Source\Mame\Scene\SceneManager.cpp">
      <Filter>mamelib\Mame\Scene</Filter>
    </ClCompile>
    <ClCompile Include="Source\Mame\Scene\SceneLoading.cpp">
      <Filter>mamelib\Mame\Scene</Filter>
    </ClCompile>
    <ClCompile Include="Source\Mame\Scene\SceneGame.cpp">
      <Filter>mamelib\Mame\Scene</Filter>
    </ClCompile>
    <ClCompile Include="Source\Mame\Graphics\ResourceManager.cpp" />
    <ClCompile Include="Source\Mame\Graphics\Effect.cpp">
      <Filter>mamelib\Mame\Graphics</Filter>
    </ClCompile>
    <ClCompile Include="Source\Mame\Graphics\ResourceManager.cpp">
      <Filter>mamelib\Mame\Graphics</Filter>
    </ClCompile>
    <ClCompile Include="External\imgui\imgui.cpp">
      <Filter>imgui</Filter>
    </ClCompile>
    <ClCompile Include="External\imgui\imgui_demo.cpp">
      <Filter>imgui</Filter>
    </ClCompile>
    <ClCompile Include="External\imgui\imgui_draw.cpp">
      <Filter>imgui</Filter>
    </ClCompile>
    <ClCompile Include="External\imgui\imgui_impl_dx11.cpp">
      <Filter>imgui</Filter>
    </ClCompile>
    <ClCompile Include="External\imgui\imgui_impl_win32.cpp">
      <Filter>imgui</Filter>
    </ClCompile>
    <ClCompile Include="External\imgui\imgui_ja_gryph_ranges.cpp">
      <Filter>imgui</Filter>
    </ClCompile>
    <ClCompile Include="External\imgui\imgui_tables.cpp">
      <Filter>imgui</Filter>
    </ClCompile>
    <ClCompile Include="External\imgui\imgui_widgets.cpp">
      <Filter>imgui</Filter>
    </ClCompile>
    <ClCompile Include="External\imgui\ImGuiCtrl.cpp">
      <Filter>imgui</Filter>
    </ClCompile>
    <ClCompile Include="Source\Mame\FrameBuffer.cpp">
      <Filter>mamelib\default</Filter>
    </ClCompile>
    <ClCompile Include="Source\Mame\framework.cpp">
      <Filter>mamelib\default</Filter>
    </ClCompile>
    <ClCompile Include="Source\Mame\FullscreenQuad.cpp">
      <Filter>mamelib\default</Filter>
    </ClCompile>
    <ClCompile Include="Source\Mame\main.cpp">
      <Filter>mamelib\default</Filter>
    </ClCompile>
    <ClCompile Include="Source\Mame\Resource\Audio.cpp">
      <Filter>mamelib\Mame\Resource\Audio</Filter>
    </ClCompile>
    <ClCompile Include="Source\Mame\Resource\AudioManager.cpp">
      <Filter>mamelib\Mame\Resource\Audio</Filter>
    </ClCompile>
    <ClCompile Include="Source\Mame\Resource\shader.cpp">
      <Filter>mamelib\Mame\Resource</Filter>
    </ClCompile>
    <ClCompile Include="Source\Mame\Resource\texture.cpp">
      <Filter>mamelib\Mame\Resource</Filter>
    </ClCompile>
    <ClCompile Include="Source\Mame\Resource\GeometricPrimitive.cpp">
      <Filter>mamelib\Mame\Resource</Filter>
    </ClCompile>
    <ClCompile Include="Source\Mame\Scene\SceneDemo.cpp">
      <Filter>mamelib\Mame\Scene</Filter>
    </ClCompile>
    <ClCompile Include="Source\Mame\Game\Character.cpp">
      <Filter>mamelib\Mame\Game\Character</Filter>
    </ClCompile>
    <ClCompile Include="Source\Mame\Game\Collision.cpp">
      <Filter>mamelib\Mame\Game\Collision</Filter>
    </ClCompile>
    <ClCompile Include="Source\Mame\Game\Player.cpp">
      <Filter>mamelib\Mame\Game\Character\Player</Filter>
    </ClCompile>
    <ClCompile Include="Source\Mame\Game\Stage.cpp">
      <Filter>mamelib\Mame\Game</Filter>
    </ClCompile>
    <ClCompile Include="Source\Mame\Game\Item.cpp">
      <Filter>mamelib\Mame\Game\Item</Filter>
    </ClCompile>
    <ClCompile Include="Source\Mame\Game\PlayerManager.cpp">
      <Filter>mamelib\Mame\Game\Character\Player</Filter>
    </ClCompile>
    <ClCompile Include="Source\Mame\Game\Book.cpp">
      <Filter>mamelib\Mame\Game\Item</Filter>
    </ClCompile>
    <ClCompile Include="Source\Mame\Game\Projectile.cpp">
      <Filter>mamelib\Mame\Game\Item\Projectile</Filter>
    </ClCompile>
    <ClCompile Include="Source\Mame\Game\ItemManager.cpp">
      <Filter>mamelib\Mame\Game\Item</Filter>
    </ClCompile>
    <ClCompile Include="Source\Mame\Game\ProjectileManager.cpp">
      <Filter>mamelib\Mame\Game\Item\Projectile</Filter>
    </ClCompile>
    <ClCompile Include="Source\Mame\Game\ProjectileStraite.cpp">
      <Filter>mamelib\Mame\Game\Item\Projectile</Filter>
    </ClCompile>
    <ClCompile Include="Source\Mame\Game\Enemy.cpp">
      <Filter>mamelib\Mame\Game\Character\Enemy</Filter>
    </ClCompile>
    <ClCompile Include="Source\Mame\Game\EnemySlime.cpp">
      <Filter>mamelib\Mame\Game\Character\Enemy</Filter>
    </ClCompile>
    <ClCompile Include="Source\Mame\Game\DemoStateDerived.cpp">
      <Filter>mamelib\Mame\Game\Item\StateMachine</Filter>
    </ClCompile>
    <ClCompile Include="Source\Mame\Game\Ability.cpp">
      <Filter>mamelib\Mame\Game\Ability</Filter>
    </ClCompile>
    <ClCompile Include="Source\Mame\Game\AbilityManager.cpp">
      <Filter>mamelib\Mame\Game\Ability</Filter>
    </ClCompile>
    <ClCompile Include="Source\Mame\Game\BookState.cpp">
      <Filter>mamelib\Mame\Game\Item\StateMachine</Filter>
    </ClCompile>
    <ClCompile Include="Source\Mame\Graphics\Bloom.cpp">
      <Filter>mamelib\Mame\Graphics\Bloom</Filter>
    </ClCompile>
    <ClCompile Include="Source\Mame\Graphics\SkyBox.cpp">
      <Filter>mamelib\Mame\Graphics\SkyBox</Filter>
    </ClCompile>
    <ClCompile Include="Source\Mame\Graphics\ShadowMap.cpp">
      <Filter>mamelib\Mame\Graphics\ShadowMap</Filter>
    </ClCompile>
    <ClCompile Include="Source\Mame\Graphics\Effect.cpp">
      <Filter>mamelib\Mame\Graphics\Effect</Filter>
    </ClCompile>
    <ClCompile Include="Source\Mame\Graphics\EffectManager.cpp">
      <Filter>mamelib\Mame\Graphics\Effect</Filter>
    </ClCompile>
    <ClCompile Include="Source\Mame\Graphics\Particle.cpp">
      <Filter>mamelib\Mame\Graphics\Particle</Filter>
    </ClCompile>
    <ClCompile Include="Source\Mame\Graphics\AuraEffect.cpp">
      <Filter>mamelib\Mame\Graphics\Aura</Filter>
    </ClCompile>
    <ClCompile Include="Source\Mame\Graphics\Model.cpp">
      <Filter>mamelib\Mame\Resource\Model\FbxModel</Filter>
    </ClCompile>
    <ClCompile Include="Source\Mame\Graphics\ModelResource.cpp">
      <Filter>mamelib\Mame\Resource\Model\FbxModel</Filter>
    </ClCompile>
    <ClCompile Include="Source\Mame\Resource\skinned_mesh.cpp">
      <Filter>mamelib\Mame\Resource\Model\FbxModel</Filter>
    </ClCompile>
    <ClCompile Include="Source\Mame\Resource\static_mesh.cpp">
      <Filter>mamelib\Mame\Resource\Model\FbxModel</Filter>
    </ClCompile>
    <ClCompile Include="Source\Mame\Resource\sprite.cpp">
      <Filter>mamelib\Mame\Resource\Sprite</Filter>
    </ClCompile>
    <ClCompile Include="Source\Mame\Resource\sprite_batch.cpp">
      <Filter>mamelib\Mame\Resource\Sprite</Filter>
    </ClCompile>
    <ClCompile Include="Source\Mame\Resource\GltfModel.cpp">
      <Filter>mamelib\Mame\Resource\Model\GltfModel</Filter>
    </ClCompile>
    <ClCompile Include="Source\Mame\Resource\Metarmorphose.cpp">
      <Filter>mamelib\Mame\Resource\Model\Metamorphos</Filter>
    </ClCompile>
    <ClCompile Include="Source\Mame\Game\EnemyTestAI.cpp">
      <Filter>mamelib\Mame\Game\Character\Enemy</Filter>
    </ClCompile>
    <ClCompile Include="Source\Mame\Game\BehaviorData.cpp">
      <Filter>mamelib\Mame\Game\Character\BehaviorTree</Filter>
    </ClCompile>
    <ClCompile Include="Source\Mame\Game\BehaviorTree.cpp">
      <Filter>mamelib\Mame\Game\Character\BehaviorTree</Filter>
    </ClCompile>
    <ClCompile Include="Source\Mame\Game\NodeBase.cpp">
      <Filter>mamelib\Mame\Game\Character\BehaviorTree</Filter>
    </ClCompile>
    <ClCompile Include="Source\Taki174\Common.cpp">
      <Filter>mamelib\Taki174</Filter>
    </ClCompile>
    <ClCompile Include="Source\Mame\Game\AttackSkill.cpp">
      <Filter>mamelib\Mame\Game\Character\Player\Skill</Filter>
    </ClCompile>
    <ClCompile Include="Source\Mame\Game\MagicCircle.cpp">
      <Filter>mamelib\Mame\Game\Item\MagicCircle</Filter>
    </ClCompile>
    <ClCompile Include="Source\Mame\Game\MagicCircleSummon.cpp">
      <Filter>mamelib\Mame\Game\Item\MagicCircle</Filter>
    </ClCompile>
    <ClCompile Include="Source\Mame\Game\MagicCircleState.cpp">
      <Filter>mamelib\Mame\Game\Item\StateMachine</Filter>
    </ClCompile>
    <ClCompile Include="Source\Mame\Game\EnemyTestAI.cpp">
      <Filter>mamelib\Mame\Game\Character\Enemy\EnemyAI</Filter>
    </ClCompile>
    <ClCompile Include="Source\Mame\Game\EnemyAura.cpp">
      <Filter>mamelib\Mame\Game\Character\Enemy</Filter>
    </ClCompile>
    <ClCompile Include="Source\Mame\Game\PlayerState.cpp">
      <Filter>mamelib\Mame\Game\Character\Player</Filter>
    </ClCompile>
    <ClCompile Include="Source\Mame\Game\EnemyGolem.cpp">
      <Filter>mamelib\Mame\Game\Character\Enemy\EnemyGolem</Filter>
    </ClCompile>
    <ClCompile Include="Source\Mame\Game\MagicCircleGolem.cpp">
      <Filter>mamelib\Mame\Game\Character\Enemy\EnemyGolem</Filter>
    </ClCompile>
    <ClCompile Include="Source\Mame\Game\MagicCircleGolemState.cpp">
      <Filter>mamelib\Mame\Game\Character\Enemy\EnemyGolem</Filter>
    </ClCompile>
    <ClCompile Include="Source\Mame\Game\MagicCircleEnemySummon.cpp">
      <Filter>mamelib\Mame\Game\Character\Enemy\EnemyGolem</Filter>
    </ClCompile>
    <ClCompile Include="Source\Mame\Game\MagicCircleEnemySummonState.cpp">
      <Filter>mamelib\Mame\Game\Character\Enemy\EnemyGolem</Filter>
    </ClCompile>
    <ClCompile Include="Source\Mame\Game\BaseEnemyAI.cpp">
      <Filter>mamelib\Mame\Game\Character\Enemy\EnemyAI</Filter>
    </ClCompile>
    <ClCompile Include="Source\Mame\Game\ParametricSkill.cpp">
      <Filter>mamelib\Mame\Game\Character\Player\Skill</Filter>
    </ClCompile>
    <ClCompile Include="Source\Mame\Game\BaseSkill.cpp">
      <Filter>mamelib\Mame\Game\Character\Player\Skill</Filter>
    </ClCompile>
    <ClCompile Include="Source\Mame\Game\ActionDerived.cpp">
      <Filter>mamelib\Mame\Game\Character\BehaviorTree</Filter>
    </ClCompile>
    <ClCompile Include="Source\Mame\Game\JudgmentDerived.cpp">
      <Filter>mamelib\Mame\Game\Character\BehaviorTree</Filter>
    </ClCompile>
    <ClCompile Include="Source\Mame\Game\EnemyManager.cpp">
      <Filter>mamelib\Mame\Game\Character\Enemy</Filter>
    </ClCompile>
    <ClCompile Include="Source\Mame\Game\EnemyAI_1.cpp">
      <Filter>mamelib\Mame\Game\Character\Enemy\EnemyAI</Filter>
	</ClCompile>
	<ClCompile Include="Source\Mame\Game\EnemyGolemState.cpp">
      <Filter>mamelib\Mame\Game\Character\Enemy\EnemyGolem</Filter>
    </ClCompile>
  </ItemGroup>
  <ItemGroup>
    <ClInclude Include="Source\Mame\Scene\BaseScene.h">
      <Filter>mamelib\Mame\Scene</Filter>
    </ClInclude>
    <ClInclude Include="Source\Mame\Graphics\Camera.h">
      <Filter>mamelib\Mame\Graphics</Filter>
    </ClInclude>
    <ClInclude Include="Source\Mame\Graphics\Graphics.h">
      <Filter>mamelib\Mame\Graphics</Filter>
    </ClInclude>
    <ClInclude Include="Source\Mame\Graphics\RenderContext.h">
      <Filter>mamelib\Mame\Graphics</Filter>
    </ClInclude>
    <ClInclude Include="Source\Mame\Input\Input.h">
      <Filter>mamelib\Mame\Input</Filter>
    </ClInclude>
    <ClInclude Include="Source\Mame\Input\Mouse.h">
      <Filter>mamelib\Mame\Input</Filter>
    </ClInclude>
    <ClInclude Include="Source\Mame\Input\GamePad.h">
      <Filter>mamelib\Mame\Input</Filter>
    </ClInclude>
    <ClInclude Include="Source\Mame\Mame.h">
      <Filter>mamelib\Mame</Filter>
    </ClInclude>
    <ClInclude Include="Source\Mame\Transform.h">
      <Filter>mamelib\Mame</Filter>
    </ClInclude>
    <ClInclude Include="Source\Mame\Scene\SceneTitle.h">
      <Filter>mamelib\Mame\Scene</Filter>
    </ClInclude>
    <ClInclude Include="Source\Mame\Scene\SceneManager.h">
      <Filter>mamelib\Mame\Scene</Filter>
    </ClInclude>
    <ClInclude Include="Source\Mame\Scene\SceneLoading.h">
      <Filter>mamelib\Mame\Scene</Filter>
    </ClInclude>
    <ClInclude Include="Source\Mame\Scene\SceneGame.h">
      <Filter>mamelib\Mame\Scene</Filter>
    </ClInclude>
    <ClInclude Include="resource.h" />
    <ClInclude Include="Source\Mame\Graphics\ResourceManager.h" />
    <ClInclude Include="Source\Mame\Graphics\Effect.h">
      <Filter>mamelib\Mame\Graphics</Filter>
    </ClInclude>
    <ClInclude Include="Source\Mame\Graphics\ResourceManager.h">
      <Filter>mamelib\Mame\Graphics</Filter>
    </ClInclude>
    <ClInclude Include="External\imgui\imconfig.h">
      <Filter>imgui</Filter>
    </ClInclude>
    <ClInclude Include="External\imgui\imgui.h">
      <Filter>imgui</Filter>
    </ClInclude>
    <ClInclude Include="External\imgui\imgui_impl_dx11.h">
      <Filter>imgui</Filter>
    </ClInclude>
    <ClInclude Include="External\imgui\imgui_impl_win32.h">
      <Filter>imgui</Filter>
    </ClInclude>
    <ClInclude Include="External\imgui\imgui_internal.h">
      <Filter>imgui</Filter>
    </ClInclude>
    <ClInclude Include="External\imgui\ImGuiCtrl.h">
      <Filter>imgui</Filter>
    </ClInclude>
    <ClInclude Include="External\imgui\imstb_rectpack.h">
      <Filter>imgui</Filter>
    </ClInclude>
    <ClInclude Include="External\imgui\imstb_textedit.h">
      <Filter>imgui</Filter>
    </ClInclude>
    <ClInclude Include="External\imgui\imstb_truetype.h">
      <Filter>imgui</Filter>
    </ClInclude>
    <ClInclude Include="Source\Mame\FrameBuffer.h">
      <Filter>mamelib\default</Filter>
    </ClInclude>
    <ClInclude Include="Source\Mame\framework.h">
      <Filter>mamelib\default</Filter>
    </ClInclude>
    <ClInclude Include="Source\Mame\FullscreenQuad.h">
      <Filter>mamelib\default</Filter>
    </ClInclude>
    <ClInclude Include="Source\Mame\high_resolution_timer.h">
      <Filter>mamelib\default</Filter>
    </ClInclude>
    <ClInclude Include="Source\Mame\Resource\Audio.h">
      <Filter>mamelib\Mame\Resource\Audio</Filter>
    </ClInclude>
    <ClInclude Include="Source\Mame\Resource\AudioManager.h">
      <Filter>mamelib\Mame\Resource\Audio</Filter>
    </ClInclude>
    <ClInclude Include="Source\Mame\Other\misc.h">
      <Filter>mamelib\Mame\Other</Filter>
    </ClInclude>
    <ClInclude Include="Source\Mame\Resource\shader.h">
      <Filter>mamelib\Mame\Resource</Filter>
    </ClInclude>
    <ClInclude Include="Source\Mame\Resource\texture.h">
      <Filter>mamelib\Mame\Resource</Filter>
    </ClInclude>
    <ClInclude Include="Source\Mame\Resource\GeometricPrimitive.h">
      <Filter>mamelib\Mame\Resource</Filter>
    </ClInclude>
    <ClInclude Include="Source\Mame\Scene\SceneDemo.h">
      <Filter>mamelib\Mame\Scene</Filter>
    </ClInclude>
    <ClInclude Include="Source\Mame\Game\Character.h">
      <Filter>mamelib\Mame\Game\Character</Filter>
    </ClInclude>
    <ClInclude Include="Source\Mame\Game\Collision.h">
      <Filter>mamelib\Mame\Game\Collision</Filter>
    </ClInclude>
    <ClInclude Include="Source\Mame\Game\Player.h">
      <Filter>mamelib\Mame\Game\Character\Player</Filter>
    </ClInclude>
    <ClInclude Include="Source\Mame\Game\Stage.h">
      <Filter>mamelib\Mame\Game</Filter>
    </ClInclude>
    <ClInclude Include="Source\Mame\Game\Item.h">
      <Filter>mamelib\Mame\Game\Item</Filter>
    </ClInclude>
    <ClInclude Include="Source\Mame\Game\PlayerManager.h">
      <Filter>mamelib\Mame\Game\Character\Player</Filter>
    </ClInclude>
    <ClInclude Include="Source\Mame\Game\Book.h">
      <Filter>mamelib\Mame\Game\Item</Filter>
    </ClInclude>
    <ClInclude Include="Source\Mame\Game\Projectile.h">
      <Filter>mamelib\Mame\Game\Item\Projectile</Filter>
    </ClInclude>
    <ClInclude Include="Source\Mame\Game\ItemManager.h">
      <Filter>mamelib\Mame\Game\Item</Filter>
    </ClInclude>
    <ClInclude Include="Source\Mame\Game\ProjectileManager.h">
      <Filter>mamelib\Mame\Game\Item\Projectile</Filter>
    </ClInclude>
    <ClInclude Include="Source\Mame\Game\ProjectileStraite.h">
      <Filter>mamelib\Mame\Game\Item\Projectile</Filter>
    </ClInclude>
    <ClInclude Include="Source\Mame\Game\Enemy.h">
      <Filter>mamelib\Mame\Game\Character\Enemy</Filter>
    </ClInclude>
    <ClInclude Include="Source\Mame\Game\EnemySlime.h">
      <Filter>mamelib\Mame\Game\Character\Enemy</Filter>
    </ClInclude>
    <ClInclude Include="Source\Mame\Game\State.h">
      <Filter>mamelib\Mame\Game\Item\StateMachine</Filter>
    </ClInclude>
    <ClInclude Include="Source\Mame\Game\StateMachine.h">
      <Filter>mamelib\Mame\Game\Item\StateMachine</Filter>
    </ClInclude>
    <ClInclude Include="Source\Mame\Game\DemoStateDerived.h">
      <Filter>mamelib\Mame\Game\Item\StateMachine</Filter>
    </ClInclude>
    <ClInclude Include="Source\Mame\Game\Ability.h">
      <Filter>mamelib\Mame\Game\Ability</Filter>
    </ClInclude>
    <ClInclude Include="Source\Mame\Game\AbilityManager.h">
      <Filter>mamelib\Mame\Game\Ability</Filter>
    </ClInclude>
    <ClInclude Include="Source\Mame\Game\BookState.h">
      <Filter>mamelib\Mame\Game\Item\StateMachine</Filter>
    </ClInclude>
    <ClInclude Include="Source\Mame\Graphics\Bloom.h">
      <Filter>mamelib\Mame\Graphics\Bloom</Filter>
    </ClInclude>
    <ClInclude Include="Source\Mame\Graphics\SkyBox.h">
      <Filter>mamelib\Mame\Graphics\SkyBox</Filter>
    </ClInclude>
    <ClInclude Include="Source\Mame\Graphics\ShadowMap.h">
      <Filter>mamelib\Mame\Graphics\ShadowMap</Filter>
    </ClInclude>
    <ClInclude Include="Source\Mame\Graphics\Effect.h">
      <Filter>mamelib\Mame\Graphics\Effect</Filter>
    </ClInclude>
    <ClInclude Include="Source\Mame\Graphics\EffectManager.h">
      <Filter>mamelib\Mame\Graphics\Effect</Filter>
    </ClInclude>
    <ClInclude Include="Source\Mame\Graphics\Particle.h">
      <Filter>mamelib\Mame\Graphics\Particle</Filter>
    </ClInclude>
    <ClInclude Include="Source\Mame\Graphics\AuraEffect.h">
      <Filter>mamelib\Mame\Graphics\Aura</Filter>
    </ClInclude>
    <ClInclude Include="Source\Mame\Resource\GltfModel.h">
      <Filter>mamelib\Mame\Resource\Model\GltfModel</Filter>
    </ClInclude>
    <ClInclude Include="Source\Mame\Graphics\Model.h">
      <Filter>mamelib\Mame\Resource\Model\FbxModel</Filter>
    </ClInclude>
    <ClInclude Include="Source\Mame\Graphics\ModelResource.h">
      <Filter>mamelib\Mame\Resource\Model\FbxModel</Filter>
    </ClInclude>
    <ClInclude Include="Source\Mame\Resource\skinned_mesh.h">
      <Filter>mamelib\Mame\Resource\Model\FbxModel</Filter>
    </ClInclude>
    <ClInclude Include="Source\Mame\Resource\static_mesh.h">
      <Filter>mamelib\Mame\Resource\Model\FbxModel</Filter>
    </ClInclude>
    <ClInclude Include="Source\Mame\Resource\sprite_batch.h">
      <Filter>mamelib\Mame\Resource\Sprite</Filter>
    </ClInclude>
    <ClInclude Include="Source\Mame\Resource\sprite.h">
      <Filter>mamelib\Mame\Resource\Sprite</Filter>
    </ClInclude>
    <ClInclude Include="Source\Mame\Resource\Metarmorphose.h">
      <Filter>mamelib\Mame\Resource\Model\Metamorphos</Filter>
    </ClInclude>
    <ClInclude Include="Source\Mame\Other\Common.h">
      <Filter>mamelib\Mame\Other</Filter>
    </ClInclude>
    <ClInclude Include="Source\Mame\Game\EnemyTestAI.h">
      <Filter>mamelib\Mame\Game\Character\Enemy</Filter>
    </ClInclude>
    <ClInclude Include="Source\Mame\Game\BehaviorData.h">
      <Filter>mamelib\Mame\Game\Character\BehaviorTree</Filter>
    </ClInclude>
    <ClInclude Include="Source\Mame\Game\BehaviorTree.h">
      <Filter>mamelib\Mame\Game\Character\BehaviorTree</Filter>
    </ClInclude>
    <ClInclude Include="Source\Mame\Game\NodeBase.h">
      <Filter>mamelib\Mame\Game\Character\BehaviorTree</Filter>
    </ClInclude>
    <ClInclude Include="Source\Mame\Game\ActionBase.h">
      <Filter>mamelib\Mame\Game\Character\BehaviorTree</Filter>
    </ClInclude>
    <ClInclude Include="Source\Mame\Game\JudgmentBase.h">
      <Filter>mamelib\Mame\Game\Character\BehaviorTree</Filter>
    </ClInclude>
    <ClInclude Include="Source\Taki174\Common.h">
      <Filter>mamelib\Taki174</Filter>
    </ClInclude>
    <ClInclude Include="Source\Taki174\FunctionXMFloat3.h">
      <Filter>mamelib\Taki174</Filter>
    </ClInclude>
    <ClInclude Include="Source\Taki174\OperatorXMFloat3.h">
      <Filter>mamelib\Taki174</Filter>
    </ClInclude>
    <ClInclude Include="Source\Taki174\OperatorXMFloat4.h">
      <Filter>mamelib\Taki174</Filter>
    </ClInclude>
    <ClInclude Include="Source\Mame\Game\BaseSkill.h">
      <Filter>mamelib\Mame\Game\Character\Player\Skill</Filter>
    </ClInclude>
    <ClInclude Include="Source\Mame\Game\AttackSkill.h">
      <Filter>mamelib\Mame\Game\Character\Player\Skill</Filter>
    </ClInclude>
    <ClInclude Include="Source\Mame\Other\MathHelper.h">
      <Filter>mamelib\Mame\Other</Filter>
    </ClInclude>
    <ClInclude Include="Source\Mame\Other\Easing.h">
      <Filter>mamelib\Mame\Other</Filter>
    </ClInclude>
    <ClInclude Include="Source\Mame\Game\EnemyTestAI.h">
      <Filter>mamelib\Mame\Game\Character\Enemy\EnemyAI</Filter>
    </ClInclude>
    <ClInclude Include="Source\Mame\Game\EnemyAura.h">
      <Filter>mamelib\Mame\Game\Character\Enemy\EnemyAI</Filter>
    </ClInclude>
    <ClInclude Include="Source\Mame\Game\MagicCircle.h">
      <Filter>mamelib\Mame\Game\Item\MagicCircle</Filter>
    </ClInclude>
    <ClInclude Include="Source\Mame\Game\MagicCircleSummon.h">
      <Filter>mamelib\Mame\Game\Item\MagicCircle</Filter>
    </ClInclude>
    <ClInclude Include="Source\Mame\Game\MagicCircleState.h">
      <Filter>mamelib\Mame\Game\Item\StateMachine</Filter>
    </ClInclude>
    <ClInclude Include="Source\Mame\Game\EnemyAura.h">
      <Filter>mamelib\Mame\Game\Character\Enemy</Filter>
    </ClInclude>
    <ClInclude Include="Source\Mame\Game\ActionDerived.h">
      <Filter>mamelib\Mame\Game\Character\BehaviorTree</Filter>
    </ClInclude>
    <ClInclude Include="Source\Mame\Game\JudgmentDerived.h">
      <Filter>mamelib\Mame\Game\Character\BehaviorTree</Filter>
    </ClInclude>
    <ClInclude Include="Source\Mame\Game\PlayerState.h">
      <Filter>mamelib\Mame\Game\Character\Player</Filter>
    </ClInclude>
    <ClInclude Include="Source\Mame\Game\EnemyGolem.h">
      <Filter>mamelib\Mame\Game\Character\Enemy\EnemyGolem</Filter>
    </ClInclude>
    <ClInclude Include="Source\Mame\Game\MagicCircleGolem.h">
      <Filter>mamelib\Mame\Game\Character\Enemy\EnemyGolem</Filter>
    </ClInclude>
    <ClInclude Include="Source\Mame\Game\MagicCircleGolemState.h">
      <Filter>mamelib\Mame\Game\Character\Enemy\EnemyGolem</Filter>
    </ClInclude>
    <ClInclude Include="Source\Mame\Game\MagicCircleEnemySummon.h">
      <Filter>mamelib\Mame\Game\Character\Enemy\EnemyGolem</Filter>
    </ClInclude>
    <ClInclude Include="Source\Mame\Game\MagicCircleEnemySummonState.h">
      <Filter>mamelib\Mame\Game\Character\Enemy\EnemyGolem</Filter>
    </ClInclude>
    <ClInclude Include="Source\Mame\Game\BaseEnemyAI.h">
      <Filter>mamelib\Mame\Game\Character\Enemy\EnemyAI</Filter>
    </ClInclude>
    <ClInclude Include="Source\Mame\Game\ParametricSkill.h">
      <Filter>mamelib\Mame\Game\Character\Player\Skill</Filter>
    </ClInclude>
    <ClInclude Include="Source\Mame\Game\EnemyManager.h">
      <Filter>mamelib\Mame\Game\Character\Enemy</Filter>
    </ClInclude>
    <ClInclude Include="Source\Mame\Game\EnemyAI_1.h">
      <Filter>mamelib\Mame\Game\Character\Enemy\EnemyAI</Filter>
	</ClInclude>
	<ClInclude Include="Source\Mame\Game\EnemyGolemState.h">
      <Filter>mamelib\Mame\Game\Character\Enemy\EnemyGolem</Filter>
    </ClInclude>
  </ItemGroup>
  <ItemGroup>
    <None Include="Source\Shader\fullscreen_quad.hlsli">
      <Filter>mamelib\Shader</Filter>
    </None>
    <None Include="Source\Shader\geometric_primitive.hlsli">
      <Filter>mamelib\Shader</Filter>
    </None>
    <None Include="Source\Shader\UVScroll.hlsli">
      <Filter>mamelib\Shader</Filter>
    </None>
    <None Include="Source\Shader\static_mesh.hlsli">
      <Filter>mamelib\Shader</Filter>
    </None>
    <None Include="Source\Shader\Instancing.hlsli">
      <Filter>mamelib\Shader</Filter>
    </None>
    <None Include="Source\Shader\gltfModel.hlsli">
      <Filter>mamelib\Shader</Filter>
    </None>
    <None Include="Source\Shader\bidirectionalReflectanceDistributionFunction.hlsli">
      <Filter>mamelib\Shader</Filter>
    </None>
    <None Include="Source\Shader\imageBasedLighting.hlsli">
      <Filter>mamelib\Shader</Filter>
    </None>
    <None Include="Resources\Shader\phongShader.hlsli">
      <Filter>mamelib\Shader</Filter>
    </None>
    <None Include="Source\Shader\SkyBox.hlsli">
      <Filter>mamelib\Shader</Filter>
    </None>
    <None Include="Source\Shader\sprite_dissolve.hlsli">
      <Filter>mamelib\Shader\Sprite</Filter>
    </None>
    <None Include="Source\Shader\sprite_fade.hlsli">
      <Filter>mamelib\Shader\Sprite</Filter>
    </None>
    <None Include="Source\Shader\FbxModel.hlsli">
      <Filter>mamelib\Shader\Fbx</Filter>
    </None>
    <None Include="Source\Shader\Bloom.hlsli">
      <Filter>mamelib\Shader\Bloom</Filter>
    </None>
    <None Include="Source\Shader\Noise.hlsli">
      <Filter>mamelib\Shader\Fog</Filter>
    </None>
    <None Include="Source\Shader\Particle.hlsli">
      <Filter>mamelib\Shader\Particle</Filter>
    </None>
    <None Include="Source\Shader\AuraEffect.hlsli">
      <Filter>mamelib\Shader\Fbx\Zelda\aura</Filter>
    </None>
    <None Include="Source\Shader\PostEffect.hlsli">
      <Filter>mamelib\Shader\PostEffect</Filter>
    </None>
    <None Include="Source\Shader\sprite.hlsli">
      <Filter>mamelib\Shader\Sprite</Filter>
    </None>
  </ItemGroup>
  <ItemGroup>
    <Filter Include="mamelib">
      <UniqueIdentifier>{70fa8b00-8763-4e40-93ac-b0d270e1b7b0}</UniqueIdentifier>
    </Filter>
    <Filter Include="mamelib\Shader">
      <UniqueIdentifier>{c482086c-fa03-4816-aa19-070cf94e5e0c}</UniqueIdentifier>
    </Filter>
    <Filter Include="imgui">
      <UniqueIdentifier>{576faab2-b681-4899-afde-5d4eab13b405}</UniqueIdentifier>
    </Filter>
    <Filter Include="mamelib\Mame">
      <UniqueIdentifier>{bd440eba-c716-4ef4-bdd0-6104495cc1ed}</UniqueIdentifier>
    </Filter>
    <Filter Include="mamelib\Mame\Graphics">
      <UniqueIdentifier>{5048d925-6e70-41f9-bf1d-7d6da71c92ef}</UniqueIdentifier>
    </Filter>
    <Filter Include="mamelib\Mame\Input">
      <UniqueIdentifier>{1ba2b1fe-c5a6-47e2-996f-3889c6aeef6d}</UniqueIdentifier>
    </Filter>
    <Filter Include="mamelib\Mame\Scene">
      <UniqueIdentifier>{8a58c012-6aa2-4dfe-a8f7-3c8e10923e3d}</UniqueIdentifier>
    </Filter>
    <Filter Include="mamelib\default">
      <UniqueIdentifier>{d34a1004-d746-40d1-98e8-fc58038dc616}</UniqueIdentifier>
    </Filter>
    <Filter Include="mamelib\Mame\Other">
      <UniqueIdentifier>{12d833cb-2acd-4c22-9544-d7d8a1b54621}</UniqueIdentifier>
    </Filter>
    <Filter Include="mamelib\Mame\Resource">
      <UniqueIdentifier>{25f8d082-a82b-40d1-8021-d42d33e344de}</UniqueIdentifier>
    </Filter>
    <Filter Include="mamelib\Mame\Resource\Audio">
      <UniqueIdentifier>{28a48904-7b5d-4850-8db8-75727193a2fb}</UniqueIdentifier>
    </Filter>
    <Filter Include="mamelib\Mame\Game">
      <UniqueIdentifier>{09aee98d-7120-4b23-8f56-717032a7aeae}</UniqueIdentifier>
    </Filter>
    <Filter Include="mamelib\Mame\Game\Character">
      <UniqueIdentifier>{34d6df40-8b91-41a0-9241-2646c16213a3}</UniqueIdentifier>
    </Filter>
    <Filter Include="mamelib\Mame\Game\Collision">
      <UniqueIdentifier>{51241da3-bee1-46de-89ce-e8521929338f}</UniqueIdentifier>
    </Filter>
    <Filter Include="mamelib\Mame\Game\Character\Player">
      <UniqueIdentifier>{4d67feb4-639f-43ce-b872-72f7a89e23cc}</UniqueIdentifier>
    </Filter>
    <Filter Include="mamelib\Mame\Game\Item">
      <UniqueIdentifier>{4b971f0d-dbee-4960-9104-e6d56d2e488d}</UniqueIdentifier>
    </Filter>
    <Filter Include="mamelib\Mame\Game\Item\Projectile">
      <UniqueIdentifier>{cfcadece-4858-4161-aed4-eae407deb988}</UniqueIdentifier>
    </Filter>
    <Filter Include="mamelib\Mame\Game\Character\Enemy">
      <UniqueIdentifier>{ee5e556a-3f3f-4237-9cbb-ca614fe26c78}</UniqueIdentifier>
    </Filter>
    <Filter Include="mamelib\Mame\Game\Ability">
      <UniqueIdentifier>{40bacefb-4ce6-4a4f-b94d-f727f9fb1c34}</UniqueIdentifier>
    </Filter>
    <Filter Include="mamelib\Shader\Sprite">
      <UniqueIdentifier>{7f880055-7beb-4c39-a982-2aa3383415a1}</UniqueIdentifier>
    </Filter>
    <Filter Include="mamelib\Shader\Fbx">
      <UniqueIdentifier>{7e226544-7558-45df-94d9-47833c6d8435}</UniqueIdentifier>
    </Filter>
    <Filter Include="mamelib\Shader\Bloom">
      <UniqueIdentifier>{3657f708-ee44-453b-bd73-08c4838be46f}</UniqueIdentifier>
    </Filter>
    <Filter Include="mamelib\Shader\Fog">
      <UniqueIdentifier>{bd054dc7-1340-4b01-b533-521c6c32f0b9}</UniqueIdentifier>
    </Filter>
    <Filter Include="mamelib\Shader\Particle">
      <UniqueIdentifier>{13521927-4ef5-4aa2-b966-57e565390fb6}</UniqueIdentifier>
    </Filter>
    <Filter Include="mamelib\Mame\Graphics\Bloom">
      <UniqueIdentifier>{417510a0-6805-4daa-841f-ca523fdafe03}</UniqueIdentifier>
    </Filter>
    <Filter Include="mamelib\Mame\Graphics\SkyBox">
      <UniqueIdentifier>{dacced77-1e06-4411-bf91-da3ac5e1de92}</UniqueIdentifier>
    </Filter>
    <Filter Include="mamelib\Mame\Graphics\ShadowMap">
      <UniqueIdentifier>{aa4b4569-5531-4b16-bb07-d868bcd1e03e}</UniqueIdentifier>
    </Filter>
    <Filter Include="mamelib\Mame\Graphics\Effect">
      <UniqueIdentifier>{569e825f-f7c1-4231-8b4e-748bc10ec279}</UniqueIdentifier>
    </Filter>
    <Filter Include="mamelib\Mame\Graphics\Particle">
      <UniqueIdentifier>{91158c84-6ace-4d96-923d-421320438609}</UniqueIdentifier>
    </Filter>
    <Filter Include="mamelib\Mame\Graphics\Aura">
      <UniqueIdentifier>{459ebf89-b5d9-45a3-b4be-8158b3da92c7}</UniqueIdentifier>
    </Filter>
    <Filter Include="mamelib\Mame\Resource\Model">
      <UniqueIdentifier>{256402b9-470d-4c35-8b60-bb13e34a850d}</UniqueIdentifier>
    </Filter>
    <Filter Include="mamelib\Mame\Resource\Model\FbxModel">
      <UniqueIdentifier>{fb0ca588-c520-4e26-916f-43eb6cbec280}</UniqueIdentifier>
    </Filter>
    <Filter Include="mamelib\Mame\Resource\Model\GltfModel">
      <UniqueIdentifier>{b60a3f23-1d7e-4781-bd77-8caacaf7a531}</UniqueIdentifier>
    </Filter>
    <Filter Include="mamelib\Mame\Resource\Sprite">
      <UniqueIdentifier>{c6a16b51-f720-4d5a-8df1-756d7d8a427e}</UniqueIdentifier>
    </Filter>
    <Filter Include="mamelib\Mame\Resource\Model\Metamorphos">
      <UniqueIdentifier>{3fc41e78-41cd-4985-8eb3-0ad490e84764}</UniqueIdentifier>
    </Filter>
    <Filter Include="mamelib\Shader\PostEffect">
      <UniqueIdentifier>{601cccd0-876f-4819-a552-cbbbbfdf379a}</UniqueIdentifier>
    </Filter>
    <Filter Include="mamelib\Shader\Fbx\Zelda">
      <UniqueIdentifier>{39fa6a7d-a6a7-421e-96c6-dd7f431a853f}</UniqueIdentifier>
    </Filter>
    <Filter Include="mamelib\Shader\Fbx\Zelda\aura">
      <UniqueIdentifier>{7e23d88b-2baa-4208-adcb-83c3cbff6b42}</UniqueIdentifier>
    </Filter>
    <Filter Include="mamelib\Taki174">
      <UniqueIdentifier>{8d4995f7-87de-4c6e-b210-a83bd5862284}</UniqueIdentifier>
    </Filter>
    <Filter Include="mamelib\Mame\Game\Item\StateMachine">
      <UniqueIdentifier>{c4bf7710-61dd-420e-bf61-f6f7fce0d9ac}</UniqueIdentifier>
    </Filter>
    <Filter Include="mamelib\Mame\Game\Character\BehaviorTree">
      <UniqueIdentifier>{bf183706-12e5-43fa-9b4f-0dcd81710109}</UniqueIdentifier>
    </Filter>
    <Filter Include="mamelib\Mame\Game\Character\Player\Skill">
      <UniqueIdentifier>{b0d5c975-3b90-4186-a2d6-36d312de7cda}</UniqueIdentifier>
    </Filter>
    <Filter Include="mamelib\Mame\Game\Character\Enemy\EnemyAI">
      <UniqueIdentifier>{175a548b-8958-4184-bfec-73213a0b20fc}</UniqueIdentifier>
    </Filter>
    <Filter Include="mamelib\Mame\Game\Item\MagicCircle">
      <UniqueIdentifier>{988f39f7-e6ba-4a7a-8b89-2c2bb6d2fc28}</UniqueIdentifier>
    </Filter>
    <Filter Include="mamelib\Mame\Game\Character\Enemy\EnemyGolem">
      <UniqueIdentifier>{495b6c9a-0480-4c04-a33f-bcb966019633}</UniqueIdentifier>
    </Filter>
  </ItemGroup>
  <ItemGroup>
    <ResourceCompile Include="Resource.rc" />
    <ResourceCompile Include="3dgp.rc" />
  </ItemGroup>
  <ItemGroup>
    <Image Include="icon1.ico" />
    <Image Include="icon1.ico" />
  </ItemGroup>
</Project>